PODS:
  - Flutter (3.0.0)
  - video_player_avfoundation (0.0.1):
    - Flutter
  - wakelock (0.0.1):
    - Flutter
  - wakelock_macos (0.0.1):
    - Flutter
  - wakelock_web (0.0.1):
    - Flutter
  - webview_media (0.0.1):
    - Flutter

DEPENDENCIES:
  - video_player_avfoundation (from `.symlinks/plugins/video_player_avfoundation/ios`)
  - wakelock (from `.symlinks/plugins/wakelock/ios`)
  - wakelock_macos (from `.symlinks/plugins/wakelock_macos/ios`)
  - wakelock_web (from `.symlinks/plugins/wakelock_web/ios`)
  - webview_media (from `.symlinks/plugins/webview_media/ios`)

SPEC REPOS:
  trunk:
    - Flutter

EXTERNAL SOURCES:
  video_player_avfoundation:
    :path: ".symlinks/plugins/video_player_avfoundation/ios"
  wakelock:
    :path: ".symlinks/plugins/wakelock/ios"
  wakelock_macos:
    :path: ".symlinks/plugins/wakelock_macos/ios"
  wakelock_web:
    :path: ".symlinks/plugins/wakelock_web/ios"
  webview_media:
    :path: ".symlinks/plugins/webview_media/ios"

SPEC CHECKSUMS:
  Flutter: aef388869c2d2beecc8df50c818fa66e9c6eb1fb
  video_player_avfoundation: e489aac24ef5cf7af82702979ed16f2a5ef84cff
  wakelock: d0fc7c864128eac40eba1617cb5264d9c940b46f
  wakelock_macos: 44d64dce2920087ad53dacd91f544d95b91079c7
  wakelock_web: 926054421610791ae9c8bdd36666798e67be5a4c
  webview_media: 33604c2c1805f41bd0c6749c4d7de24b8cb4d81d

PODFILE CHECKSUM: 5dc5a99c1d22194762aff7fd46223b051959758b

COCOAPODS: 1.11.2
